<?xml version="1.0" encoding="utf-8"?>
<Project ToolsVersion="4.0" xmlns="http://schemas.microsoft.com/developer/msbuild/2003">
  <ItemGroup>
    <ClCompile Include="DigitPlane.cpp" />
  </ItemGroup>
  <ItemGroup>
    <ClInclude Include="DigitPlane.h" />
    <ClInclude Include="resource.h">
      <Filter>资源</Filter>
    </ClInclude>
  </ItemGroup>
  <ItemGroup>
    <Image Include="res\icon.ico">
      <Filter>资源</Filter>
    </Image>
    <Image Include="res\background.bmp">
      <Filter>资源</Filter>
    </Image>
    <Image Include="res\bullet.bmp">
      <Filter>资源</Filter>
    </Image>
    <Image Include="res\enemy_big.bmp">
      <Filter>资源</Filter>
    </Image>
    <Image Include="res\enemy_middle.bmp">
      <Filter>资源</Filter>
    </Image>
    <Image Include="res\enemy_small.bmp">
      <Filter>资源</Filter>
    </Image>
    <Image Include="res\game_status.bmp">
      <Filter>资源</Filter>
    </Image>
    <Image Include="res\hero.bmp">
      <Filter>资源</Filter>
    </Image>
    <Image Include="res\toys.bmp">
      <Filter>资源</Filter>
    </Image>
  </ItemGroup>
  <ItemGroup>
    <Filter Include="资源">
      <UniqueIdentifier>{513e50a8-e000-4838-a293-b10c1bb3af14}</UniqueIdentifier>
    </Filter>
  </ItemGroup>
  <ItemGroup>
    <ResourceCompile Include="DigitPlane.rc">
      <Filter>资源</Filter>
    </ResourceCompile>
  </ItemGroup>
  <ItemGroup>
    <Media Include="..\..\..\..\..\kp_li.zaodie%40gmail.com\p\C\DigitPlane\DigitPlane\res\topic.wav">
      <Filter>资源</Filter>
    </Media>
  </ItemGroup>
</Project>